github.com/jezek/xgb v0.0.0-20210312150743-0e0f116e1240 h1:dy+DS31tGEGCsZzB45HmJJNHjur8GDgtRNX9U7HnSX4=
github.com/jezek/xgb v0.0.0-20210312150743-0e0f116e1240/go.mod h1:3P4UH/k22rXyHIJD2w4h2XMqPX4Of/eySEZq9L6wqc4=
github.com/taylorza/w32 v0.0.0-20200420232457-b1dd1e254b07 h1:ewGaLvXXmH+pFRRYJoMOwEi3fPFpeHSQAjdu5nF3RHE=
github.com/taylorza/w32 v0.0.0-20200420232457-b1dd1e254b07/go.mod h1:69YN72RH6i38OdaKix0/q5pzjOgPa0PJxs6HMm11GBU=
